
PODS:
- Dropbox-iOS-SDK (1.3.2)
- GHMarkdownParser (0.0.1)
- MBProgressHUD (0.5)

DEPENDENCIES:
- Dropbox-iOS-SDK
- GHMarkdownParser
- MBProgressHUD

SPEC CHECKSUMS:
  Dropbox-iOS-SDK: 3e041f67271ba591280b329cc376d8ad1a587c51
  GHMarkdownParser: 52174cb8daaaa4a9eafb84de3b252b4f3cc0cf91
  MBProgressHUD: b23ee11c42253d6d804e8e0bfabdc334e8b2571f

COCOAPODS: 0.16.0
